// !$*UTF8*$!
{
	archiveVersion = 1;
	classes = {
	};
	objectVersion = 50;
	objects = {

/* Begin PBXBuildFile section */
		BCF7C21F23DBFAD600AC79C0 /* AppDelegate.swift in Sources */ = {isa = PBXBuildFile; fileRef = BCF7C21E23DBFAD600AC79C0 /* AppDelegate.swift */; };
		BCF7C22123DBFAD600AC79C0 /* SceneDelegate.swift in Sources */ = {isa = PBXBuildFile; fileRef = BCF7C22023DBFAD600AC79C0 /* SceneDelegate.swift */; };
		BCF7C22323DBFAD600AC79C0 /* ViewController.swift in Sources */ = {isa = PBXBuildFile; fileRef = BCF7C22223DBFAD600AC79C0 /* ViewController.swift */; };
		BCF7C22623DBFAD600AC79C0 /* Main.storyboard in Resources */ = {isa = PBXBuildFile; fileRef = BCF7C22423DBFAD600AC79C0 /* Main.storyboard */; };
		BCF7C22823DBFAD600AC79C0 /* Assets.xcassets in Resources */ = {isa = PBXBuildFile; fileRef = BCF7C22723DBFAD600AC79C0 /* Assets.xcassets */; };
		BCF7C22B23DBFAD600AC79C0 /* LaunchScreen.storyboard in Resources */ = {isa = PBXBuildFile; fileRef = BCF7C22923DBFAD600AC79C0 /* LaunchScreen.storyboard */; };
		BCF7C27F23DC01B000AC79C0 /* B.wav in Resources */ = {isa = PBXBuildFile; fileRef = BCF7C27823DC01B000AC79C0 /* B.wav */; };
		BCF7C28023DC01B000AC79C0 /* A.wav in Resources */ = {isa = PBXBuildFile; fileRef = BCF7C27923DC01B000AC79C0 /* A.wav */; };
		BCF7C28123DC01B000AC79C0 /* E.wav in Resources */ = {isa = PBXBuildFile; fileRef = BCF7C27A23DC01B000AC79C0 /* E.wav */; };
		BCF7C28223DC01B000AC79C0 /* G.wav in Resources */ = {isa = PBXBuildFile; fileRef = BCF7C27B23DC01B000AC79C0 /* G.wav */; };
		BCF7C28323DC01B000AC79C0 /* D.wav in Resources */ = {isa = PBXBuildFile; fileRef = BCF7C27C23DC01B000AC79C0 /* D.wav */; };
		BCF7C28423DC01B000AC79C0 /* F.wav in Resources */ = {isa = PBXBuildFile; fileRef = BCF7C27D23DC01B000AC79C0 /* F.wav */; };
		BCF7C28523DC01B000AC79C0 /* C.wav in Resources */ = {isa = PBXBuildFile; fileRef = BCF7C27E23DC01B000AC79C0 /* C.wav */; };
/* End PBXBuildFile section */

/* Begin PBXFileReference section */
		BCF7C21B23DBFAD600AC79C0 /* xylophone.app */ = {isa = PBXFileReference; explicitFileType = wrapper.application; includeInIndex = 0; path = xylophone.app; sourceTree = BUILT_PRODUCTS_DIR; };
		BCF7C21E23DBFAD600AC79C0 /* AppDelegate.swift */ = {isa = PBXFileReference; lastKnownFileType = sourcecode.swift; path = AppDelegate.swift; sourceTree = "<group>"; };
		BCF7C22023DBFAD600AC79C0 /* SceneDelegate.swift */ = {isa = PBXFileReference; lastKnownFileType = sourcecode.swift; path = SceneDelegate.swift; sourceTree = "<group>"; };
		BCF7C22223DBFAD600AC79C0 /* ViewController.swift */ = {isa = PBXFileReference; lastKnownFileType = sourcecode.swift; path = ViewController.swift; sourceTree = "<group>"; };
		BCF7C22523DBFAD600AC79C0 /* Base */ = {isa = PBXFileReference; lastKnownFileType = file.storyboard; name = Base; path = Base.lproj/Main.storyboard; sourceTree = "<group>"; };
		BCF7C22723DBFAD600AC79C0 /* Assets.xcassets */ = {isa = PBXFileReference; lastKnownFileType = folder.assetcatalog; path = Assets.xcassets; sourceTree = "<group>"; };
		BCF7C22A23DBFAD600AC79C0 /* Base */ = {isa = PBXFileReference; lastKnownFileType = file.storyboard; name = Base; path = Base.lproj/LaunchScreen.storyboard; sourceTree = "<group>"; };
		BCF7C22C23DBFAD600AC79C0 /* Info.plist */ = {isa = PBXFileReference; lastKnownFileType = text.plist.xml; path = Info.plist; sourceTree = "<group>"; };
		BCF7C27823DC01B000AC79C0 /* B.wav */ = {isa = PBXFileReference; lastKnownFileType = audio.wav; path = B.wav; sourceTree = "<group>"; };
		BCF7C27923DC01B000AC79C0 /* A.wav */ = {isa = PBXFileReference; lastKnownFileType = audio.wav; path = A.wav; sourceTree = "<group>"; };
		BCF7C27A23DC01B000AC79C0 /* E.wav */ = {isa = PBXFileReference; lastKnownFileType = audio.wav; path = E.wav; sourceTree = "<group>"; };
		BCF7C27B23DC01B000AC79C0 /* G.wav */ = {isa = PBXFileReference; lastKnownFileType = audio.wav; path = G.wav; sourceTree = "<group>"; };
		BCF7C27C23DC01B000AC79C0 /* D.wav */ = {isa = PBXFileReference; lastKnownFileType = audio.wav; path = D.wav; sourceTree = "<group>"; };
		BCF7C27D23DC01B000AC79C0 /* F.wav */ = {isa = PBXFileReference; lastKnownFileType = audio.wav; path = F.wav; sourceTree = "<group>"; };
		BCF7C27E23DC01B000AC79C0 /* C.wav */ = {isa = PBXFileReference; lastKnownFileType = audio.wav; path = C.wav; sourceTree = "<group>"; };
/* End PBXFileReference section */

/* Begin PBXFrameworksBuildPhase section */
		BCF7C21823DBFAD600AC79C0 /* Frameworks */ = {
			isa = PBXFrameworksBuildPhase;
			buildActionMask = 2147483647;
			files = (
			);
			runOnlyForDeploymentPostprocessing = 0;
		};
/* End PBXFrameworksBuildPhase section */

/* Begin PBXGroup section */
		BCF7C21223DBFAD600AC79C0 = {
			isa = PBXGroup;
			children = (
				BCF7C21D23DBFAD600AC79C0 /* xylophone */,
				BCF7C21C23DBFAD600AC79C0 /* Products */,
			);
			sourceTree = "<group>";
		};
		BCF7C21C23DBFAD600AC79C0 /* Products */ = {
			isa = PBXGroup;
			children = (
				BCF7C21B23DBFAD600AC79C0 /* xylophone.app */,
			);
			name = Products;
			sourceTree = "<group>";
		};
		BCF7C21D23DBFAD600AC79C0 /* xylophone */ = {
			isa = PBXGroup;
			children = (
				BCF7C27723DC019100AC79C0 /* Sounds */,
				BCF7C21E23DBFAD600AC79C0 /* AppDelegate.swift */,
				BCF7C22023DBFAD600AC79C0 /* SceneDelegate.swift */,
				BCF7C22223DBFAD600AC79C0 /* ViewController.swift */,
				BCF7C22423DBFAD600AC79C0 /* Main.storyboard */,
				BCF7C22723DBFAD600AC79C0 /* Assets.xcassets */,
				BCF7C22923DBFAD600AC79C0 /* LaunchScreen.storyboard */,
				BCF7C22C23DBFAD600AC79C0 /* Info.plist */,
			);
			path = xylophone;
			sourceTree = "<group>";
		};
		BCF7C27723DC019100AC79C0 /* Sounds */ = {
			isa = PBXGroup;
			children = (
				BCF7C27923DC01B000AC79C0 /* A.wav */,
				BCF7C27823DC01B000AC79C0 /* B.wav */,
				BCF7C27E23DC01B000AC79C0 /* C.wav */,
				BCF7C27C23DC01B000AC79C0 /* D.wav */,
				BCF7C27A23DC01B000AC79C0 /* E.wav */,
				BCF7C27D23DC01B000AC79C0 /* F.wav */,
				BCF7C27B23DC01B000AC79C0 /* G.wav */,
			);
			path = Sounds;
			sourceTree = "<group>";
		};
/* End PBXGroup section */

/* Begin PBXNativeTarget section */
		BCF7C21A23DBFAD600AC79C0 /* xylophone */ = {
			isa = PBXNativeTarget;
			buildConfigurationList = BCF7C22F23DBFAD600AC79C0 /* Build configuration list for PBXNativeTarget "xylophone" */;
			buildPhases = (
				BCF7C21723DBFAD600AC79C0 /* Sources */,
				BCF7C21823DBFAD600AC79C0 /* Frameworks */,
				BCF7C21923DBFAD600AC79C0 /* Resources */,
			);
			buildRules = (
			);
			dependencies = (
			);
			name = xylophone;
			productName = xylophone;
			productReference = BCF7C21B23DBFAD600AC79C0 /* xylophone.app */;
			productType = "com.apple.product-type.application";
		};
/* End PBXNativeTarget section */

/* Begin PBXProject section */
		BCF7C21323DBFAD600AC79C0 /* Project object */ = {
			isa = PBXProject;
			attributes = {
				KnownAssetTags = (
					New,
				);
				LastSwiftUpdateCheck = 1130;
				LastUpgradeCheck = 1130;
				ORGANIZATIONNAME = "Nguyen Xuan";
				TargetAttributes = {
					BCF7C21A23DBFAD600AC79C0 = {
						CreatedOnToolsVersion = 11.3.1;
					};
				};
			};
			buildConfigurationList = BCF7C21623DBFAD600AC79C0 /* Build configuration list for PBXProject "xylophone" */;
			compatibilityVersion = "Xcode 9.3";
			developmentRegion = en;
			hasScannedForEncodings = 0;
			knownRegions = (
				en,
				Base,
			);
			mainGroup = BCF7C21223DBFAD600AC79C0;
			productRefGroup = BCF7C21C23DBFAD600AC79C0 /* Products */;
			projectDirPath = "";
			projectRoot = "";
			targets = (
				BCF7C21A23DBFAD600AC79C0 /* xylophone */,
			);
		};
/* End PBXProject section */

/* Begin PBXResourcesBuildPhase section */
		BCF7C21923DBFAD600AC79C0 /* Resources */ = {
			isa = PBXResourcesBuildPhase;
			buildActionMask = 2147483647;
			files = (
				BCF7C28123DC01B000AC79C0 /* E.wav in Resources */,
				BCF7C22B23DBFAD600AC79C0 /* LaunchScreen.storyboard in Resources */,
				BCF7C22823DBFAD600AC79C0 /* Assets.xcassets in Resources */,
				BCF7C28423DC01B000AC79C0 /* F.wav in Resources */,
				BCF7C28523DC01B000AC79C0 /* C.wav in Resources */,
				BCF7C22623DBFAD600AC79C0 /* Main.storyboard in Resources */,
				BCF7C28223DC01B000AC79C0 /* G.wav in Resources */,
				BCF7C28323DC01B000AC79C0 /* D.wav in Resources */,
				BCF7C28023DC01B000AC79C0 /* A.wav in Resources */,
				BCF7C27F23DC01B000AC79C0 /* B.wav in Resources */,
			);
			runOnlyForDeploymentPostprocessing = 0;
		};
/* End PBXResourcesBuildPhase section */

/* Begin PBXSourcesBuildPhase section */
		BCF7C21723DBFAD600AC79C0 /* Sources */ = {
			isa = PBXSourcesBuildPhase;
			buildActionMask = 2147483647;
			files = (
				BCF7C22323DBFAD600AC79C0 /* ViewController.swift in Sources */,
				BCF7C21F23DBFAD600AC79C0 /* AppDelegate.swift in Sources */,
				BCF7C22123DBFAD600AC79C0 /* SceneDelegate.swift in Sources */,
			);
			runOnlyForDeploymentPostprocessing = 0;
		};
/* End PBXSourcesBuildPhase section */

/* Begin PBXVariantGroup section */
		BCF7C22423DBFAD600AC79C0 /* Main.storyboard */ = {
			isa = PBXVariantGroup;
			children = (
				BCF7C22523DBFAD600AC79C0 /* Base */,
			);
			name = Main.storyboard;
			sourceTree = "<group>";
		};
		BCF7C22923DBFAD600AC79C0 /* LaunchScreen.storyboard */ = {
			isa = PBXVariantGroup;
			children = (
				BCF7C22A23DBFAD600AC79C0 /* Base */,
			);
			name = LaunchScreen.storyboard;
			sourceTree = "<group>";
		};
/* End PBXVariantGroup section */

/* Begin XCBuildConfiguration section */
		BCF7C22D23DBFAD600AC79C0 /* Debug */ = {
			isa = XCBuildConfiguration;
			buildSettings = {
				ALWAYS_SEARCH_USER_PATHS = NO;
				CLANG_ANALYZER_NONNULL = YES;
				CLANG_ANALYZER_NUMBER_OBJECT_CONVERSION = YES_AGGRESSIVE;
				CLANG_CXX_LANGUAGE_STANDARD = "gnu++14";
				CLANG_CXX_LIBRARY = "libc++";
				CLANG_ENABLE_MODULES = YES;
				CLANG_ENABLE_OBJC_ARC = YES;
				CLANG_ENABLE_OBJC_WEAK = YES;
				CLANG_WARN_BLOCK_CAPTURE_AUTORELEASING = YES;
				CLANG_WARN_BOOL_CONVERSION = YES;
				CLANG_WARN_COMMA = YES;
				CLANG_WARN_CONSTANT_CONVERSION = YES;
				CLANG_WARN_DEPRECATED_OBJC_IMPLEMENTATIONS = YES;
				CLANG_WARN_DIRECT_OBJC_ISA_USAGE = YES_ERROR;
				CLANG_WARN_DOCUMENTATION_COMMENTS = YES;
				CLANG_WARN_EMPTY_BODY = YES;
				CLANG_WARN_ENUM_CONVERSION = YES;
				CLANG_WARN_INFINITE_RECURSION = YES;
				CLANG_WARN_INT_CONVERSION = YES;
				CLANG_WARN_NON_LITERAL_NULL_CONVERSION = YES;
				CLANG_WARN_OBJC_IMPLICIT_RETAIN_SELF = YES;
				CLANG_WARN_OBJC_LITERAL_CONVERSION = YES;
				CLANG_WARN_OBJC_ROOT_CLASS = YES_ERROR;
				CLANG_WARN_RANGE_LOOP_ANALYSIS = YES;
				CLANG_WARN_STRICT_PROTOTYPES = YES;
				CLANG_WARN_SUSPICIOUS_MOVE = YES;
				CLANG_WARN_UNGUARDED_AVAILABILITY = YES_AGGRESSIVE;
				CLANG_WARN_UNREACHABLE_CODE = YES;
				CLANG_WARN__DUPLICATE_METHOD_MATCH = YES;
				COPY_PHASE_STRIP = NO;
				DEBUG_INFORMATION_FORMAT = dwarf;
				ENABLE_STRICT_OBJC_MSGSEND = YES;
				ENABLE_TESTABILITY = YES;
				GCC_C_LANGUAGE_STANDARD = gnu11;
				GCC_DYNAMIC_NO_PIC = NO;
				GCC_NO_COMMON_BLOCKS = YES;
				GCC_OPTIMIZATION_LEVEL = 0;
				GCC_PREPROCESSOR_DEFINITIONS = (
					"DEBUG=1",
					"$(inherited)",
				);
				GCC_WARN_64_TO_32_BIT_CONVERSION = YES;
				GCC_WARN_ABOUT_RETURN_TYPE = YES_ERROR;
				GCC_WARN_UNDECLARED_SELECTOR = YES;
				GCC_WARN_UNINITIALIZED_AUTOS = YES_AGGRESSIVE;
				GCC_WARN_UNUSED_FUNCTION = YES;
				GCC_WARN_UNUSED_VARIABLE = YES;
				IPHONEOS_DEPLOYMENT_TARGET = 13.2;
				MTL_ENABLE_DEBUG_INFO = INCLUDE_SOURCE;
				MTL_FAST_MATH = YES;
				ONLY_ACTIVE_ARCH = YES;
				SDKROOT = iphoneos;
				SWIFT_ACTIVE_COMPILATION_CONDITIONS = DEBUG;
				SWIFT_OPTIMIZATION_LEVEL = "-Onone";
			};
			name = Debug;
		};
		BCF7C22E23DBFAD600AC79C0 /* Release */ = {
			isa = XCBuildConfiguration;
			buildSettings = {
				ALWAYS_SEARCH_USER_PATHS = NO;
				CLANG_ANALYZER_NONNULL = YES;
				CLANG_ANALYZER_NUMBER_OBJECT_CONVERSION = YES_AGGRESSIVE;
				CLANG_CXX_LANGUAGE_STANDARD = "gnu++14";
				CLANG_CXX_LIBRARY = "libc++";
				CLANG_ENABLE_MODULES = YES;
				CLANG_ENABLE_OBJC_ARC = YES;
				CLANG_ENABLE_OBJC_WEAK = YES;
				CLANG_WARN_BLOCK_CAPTURE_AUTORELEASING = YES;
				CLANG_WARN_BOOL_CONVERSION = YES;
				CLANG_WARN_COMMA = YES;
				CLANG_WARN_CONSTANT_CONVERSION = YES;
				CLANG_WARN_DEPRECATED_OBJC_IMPLEMENTATIONS = YES;
				CLANG_WARN_DIRECT_OBJC_ISA_USAGE = YES_ERROR;
				CLANG_WARN_DOCUMENTATION_COMMENTS = YES;
				CLANG_WARN_EMPTY_BODY = YES;
				CLANG_WARN_ENUM_CONVERSION = YES;
				CLANG_WARN_INFINITE_RECURSION = YES;
				CLANG_WARN_INT_CONVERSION = YES;
				CLANG_WARN_NON_LITERAL_NULL_CONVERSION = YES;
				CLANG_WARN_OBJC_IMPLICIT_RETAIN_SELF = YES;
				CLANG_WARN_OBJC_LITERAL_CONVERSION = YES;
				CLANG_WARN_OBJC_ROOT_CLASS = YES_ERROR;
				CLANG_WARN_RANGE_LOOP_ANALYSIS = YES;
				CLANG_WARN_STRICT_PROTOTYPES = YES;
				CLANG_WARN_SUSPICIOUS_MOVE = YES;
				CLANG_WARN_UNGUARDED_AVAILABILITY = YES_AGGRESSIVE;
				CLANG_WARN_UNREACHABLE_CODE = YES;
				CLANG_WARN__DUPLICATE_METHOD_MATCH = YES;
				COPY_PHASE_STRIP = NO;
				DEBUG_INFORMATION_FORMAT = "dwarf-with-dsym";
				ENABLE_NS_ASSERTIONS = NO;
				ENABLE_STRICT_OBJC_MSGSEND = YES;
				GCC_C_LANGUAGE_STANDARD = gnu11;
				GCC_NO_COMMON_BLOCKS = YES;
				GCC_WARN_64_TO_32_BIT_CONVERSION = YES;
				GCC_WARN_ABOUT_RETURN_TYPE = YES_ERROR;
				GCC_WARN_UNDECLARED_SELECTOR = YES;
				GCC_WARN_UNINITIALIZED_AUTOS = YES_AGGRESSIVE;
				GCC_WARN_UNUSED_FUNCTION = YES;
				GCC_WARN_UNUSED_VARIABLE = YES;
				IPHONEOS_DEPLOYMENT_TARGET = 13.2;
				MTL_ENABLE_DEBUG_INFO = NO;
				MTL_FAST_MATH = YES;
				SDKROOT = iphoneos;
				SWIFT_COMPILATION_MODE = wholemodule;
				SWIFT_OPTIMIZATION_LEVEL = "-O";
				VALIDATE_PRODUCT = YES;
			};
			name = Release;
		};
		BCF7C23023DBFAD600AC79C0 /* Debug */ = {
			isa = XCBuildConfiguration;
			buildSettings = {
				ASSETCATALOG_COMPILER_APPICON_NAME = AppIcon;
				CODE_SIGN_STYLE = Automatic;
				DEVELOPMENT_TEAM = G3KBLKJ3UH;
				INFOPLIST_FILE = xylophone/Info.plist;
				LD_RUNPATH_SEARCH_PATHS = (
					"$(inherited)",
					"@executable_path/Frameworks",
				);
				PRODUCT_BUNDLE_IDENTIFIER = suan.learn.xylophone;
				PRODUCT_NAME = "$(TARGET_NAME)";
				SWIFT_VERSION = 5.0;
				TARGETED_DEVICE_FAMILY = "1,2";
			};
			name = Debug;
		};
		BCF7C23123DBFAD600AC79C0 /* Release */ = {
			isa = XCBuildConfiguration;
			buildSettings = {
				ASSETCATALOG_COMPILER_APPICON_NAME = AppIcon;
				CODE_SIGN_STYLE = Automatic;
				DEVELOPMENT_TEAM = G3KBLKJ3UH;
				INFOPLIST_FILE = xylophone/Info.plist;
				LD_RUNPATH_SEARCH_PATHS = (
					"$(inherited)",
					"@executable_path/Frameworks",
				);
				PRODUCT_BUNDLE_IDENTIFIER = suan.learn.xylophone;
				PRODUCT_NAME = "$(TARGET_NAME)";
				SWIFT_VERSION = 5.0;
				TARGETED_DEVICE_FAMILY = "1,2";
			};
			name = Release;
		};
/* End XCBuildConfiguration section */

/* Begin XCConfigurationList section */
		BCF7C21623DBFAD600AC79C0 /* Build configuration list for PBXProject "xylophone" */ = {
			isa = XCConfigurationList;
			buildConfigurations = (
				BCF7C22D23DBFAD600AC79C0 /* Debug */,
				BCF7C22E23DBFAD600AC79C0 /* Release */,
			);
			defaultConfigurationIsVisible = 0;
			defaultConfigurationName = Release;
		};
		BCF7C22F23DBFAD600AC79C0 /* Build configuration list for PBXNativeTarget "xylophone" */ = {
			isa = XCConfigurationList;
			buildConfigurations = (
				BCF7C23023DBFAD600AC79C0 /* Debug */,
				BCF7C23123DBFAD600AC79C0 /* Release */,
			);
			defaultConfigurationIsVisible = 0;
			defaultConfigurationName = Release;
		};
/* End XCConfigurationList section */
	};
	rootObject = BCF7C21323DBFAD600AC79C0 /* Project object */;
}
