// !$*UTF8*$!
{
	archiveVersion = 1;
	classes = {
	};
	objectVersion = 50;
	objects = {

/* Begin PBXBuildFile section */
		BC78598623DFE88F007EBE6B /* AppDelegate.swift in Sources */ = {isa = PBXBuildFile; fileRef = BC78598523DFE88F007EBE6B /* AppDelegate.swift */; };
		BC78598823DFE88F007EBE6B /* SceneDelegate.swift in Sources */ = {isa = PBXBuildFile; fileRef = BC78598723DFE88F007EBE6B /* SceneDelegate.swift */; };
		BC78598A23DFE88F007EBE6B /* ContentView.swift in Sources */ = {isa = PBXBuildFile; fileRef = BC78598923DFE88F007EBE6B /* ContentView.swift */; };
		BC78598C23DFE890007EBE6B /* Assets.xcassets in Resources */ = {isa = PBXBuildFile; fileRef = BC78598B23DFE890007EBE6B /* Assets.xcassets */; };
		BC78598F23DFE890007EBE6B /* Preview Assets.xcassets in Resources */ = {isa = PBXBuildFile; fileRef = BC78598E23DFE890007EBE6B /* Preview Assets.xcassets */; };
		BC78599223DFE890007EBE6B /* LaunchScreen.storyboard in Resources */ = {isa = PBXBuildFile; fileRef = BC78599023DFE890007EBE6B /* LaunchScreen.storyboard */; };
/* End PBXBuildFile section */

/* Begin PBXFileReference section */
		BC78598223DFE88F007EBE6B /* SuanCard.app */ = {isa = PBXFileReference; explicitFileType = wrapper.application; includeInIndex = 0; path = SuanCard.app; sourceTree = BUILT_PRODUCTS_DIR; };
		BC78598523DFE88F007EBE6B /* AppDelegate.swift */ = {isa = PBXFileReference; lastKnownFileType = sourcecode.swift; path = AppDelegate.swift; sourceTree = "<group>"; };
		BC78598723DFE88F007EBE6B /* SceneDelegate.swift */ = {isa = PBXFileReference; lastKnownFileType = sourcecode.swift; path = SceneDelegate.swift; sourceTree = "<group>"; };
		BC78598923DFE88F007EBE6B /* ContentView.swift */ = {isa = PBXFileReference; lastKnownFileType = sourcecode.swift; path = ContentView.swift; sourceTree = "<group>"; };
		BC78598B23DFE890007EBE6B /* Assets.xcassets */ = {isa = PBXFileReference; lastKnownFileType = folder.assetcatalog; path = Assets.xcassets; sourceTree = "<group>"; };
		BC78598E23DFE890007EBE6B /* Preview Assets.xcassets */ = {isa = PBXFileReference; lastKnownFileType = folder.assetcatalog; path = "Preview Assets.xcassets"; sourceTree = "<group>"; };
		BC78599123DFE890007EBE6B /* Base */ = {isa = PBXFileReference; lastKnownFileType = file.storyboard; name = Base; path = Base.lproj/LaunchScreen.storyboard; sourceTree = "<group>"; };
		BC78599323DFE890007EBE6B /* Info.plist */ = {isa = PBXFileReference; lastKnownFileType = text.plist.xml; path = Info.plist; sourceTree = "<group>"; };
/* End PBXFileReference section */

/* Begin PBXFrameworksBuildPhase section */
		BC78597F23DFE88F007EBE6B /* Frameworks */ = {
			isa = PBXFrameworksBuildPhase;
			buildActionMask = 2147483647;
			files = (
			);
			runOnlyForDeploymentPostprocessing = 0;
		};
/* End PBXFrameworksBuildPhase section */

/* Begin PBXGroup section */
		BC78597923DFE88F007EBE6B = {
			isa = PBXGroup;
			children = (
				BC78598423DFE88F007EBE6B /* SuanCard */,
				BC78598323DFE88F007EBE6B /* Products */,
			);
			sourceTree = "<group>";
		};
		BC78598323DFE88F007EBE6B /* Products */ = {
			isa = PBXGroup;
			children = (
				BC78598223DFE88F007EBE6B /* SuanCard.app */,
			);
			name = Products;
			sourceTree = "<group>";
		};
		BC78598423DFE88F007EBE6B /* SuanCard */ = {
			isa = PBXGroup;
			children = (
				BC78598523DFE88F007EBE6B /* AppDelegate.swift */,
				BC78598723DFE88F007EBE6B /* SceneDelegate.swift */,
				BC78598923DFE88F007EBE6B /* ContentView.swift */,
				BC78598B23DFE890007EBE6B /* Assets.xcassets */,
				BC78599023DFE890007EBE6B /* LaunchScreen.storyboard */,
				BC78599323DFE890007EBE6B /* Info.plist */,
				BC78598D23DFE890007EBE6B /* Preview Content */,
			);
			path = SuanCard;
			sourceTree = "<group>";
		};
		BC78598D23DFE890007EBE6B /* Preview Content */ = {
			isa = PBXGroup;
			children = (
				BC78598E23DFE890007EBE6B /* Preview Assets.xcassets */,
			);
			path = "Preview Content";
			sourceTree = "<group>";
		};
/* End PBXGroup section */

/* Begin PBXNativeTarget section */
		BC78598123DFE88F007EBE6B /* SuanCard */ = {
			isa = PBXNativeTarget;
			buildConfigurationList = BC78599623DFE890007EBE6B /* Build configuration list for PBXNativeTarget "SuanCard" */;
			buildPhases = (
				BC78597E23DFE88F007EBE6B /* Sources */,
				BC78597F23DFE88F007EBE6B /* Frameworks */,
				BC78598023DFE88F007EBE6B /* Resources */,
			);
			buildRules = (
			);
			dependencies = (
			);
			name = SuanCard;
			productName = SuanCard;
			productReference = BC78598223DFE88F007EBE6B /* SuanCard.app */;
			productType = "com.apple.product-type.application";
		};
/* End PBXNativeTarget section */

/* Begin PBXProject section */
		BC78597A23DFE88F007EBE6B /* Project object */ = {
			isa = PBXProject;
			attributes = {
				LastSwiftUpdateCheck = 1130;
				LastUpgradeCheck = 1130;
				ORGANIZATIONNAME = "Nguyen Xuan";
				TargetAttributes = {
					BC78598123DFE88F007EBE6B = {
						CreatedOnToolsVersion = 11.3.1;
					};
				};
			};
			buildConfigurationList = BC78597D23DFE88F007EBE6B /* Build configuration list for PBXProject "SuanCard" */;
			compatibilityVersion = "Xcode 9.3";
			developmentRegion = en;
			hasScannedForEncodings = 0;
			knownRegions = (
				en,
				Base,
			);
			mainGroup = BC78597923DFE88F007EBE6B;
			productRefGroup = BC78598323DFE88F007EBE6B /* Products */;
			projectDirPath = "";
			projectRoot = "";
			targets = (
				BC78598123DFE88F007EBE6B /* SuanCard */,
			);
		};
/* End PBXProject section */

/* Begin PBXResourcesBuildPhase section */
		BC78598023DFE88F007EBE6B /* Resources */ = {
			isa = PBXResourcesBuildPhase;
			buildActionMask = 2147483647;
			files = (
				BC78599223DFE890007EBE6B /* LaunchScreen.storyboard in Resources */,
				BC78598F23DFE890007EBE6B /* Preview Assets.xcassets in Resources */,
				BC78598C23DFE890007EBE6B /* Assets.xcassets in Resources */,
			);
			runOnlyForDeploymentPostprocessing = 0;
		};
/* End PBXResourcesBuildPhase section */

/* Begin PBXSourcesBuildPhase section */
		BC78597E23DFE88F007EBE6B /* Sources */ = {
			isa = PBXSourcesBuildPhase;
			buildActionMask = 2147483647;
			files = (
				BC78598623DFE88F007EBE6B /* AppDelegate.swift in Sources */,
				BC78598823DFE88F007EBE6B /* SceneDelegate.swift in Sources */,
				BC78598A23DFE88F007EBE6B /* ContentView.swift in Sources */,
			);
			runOnlyForDeploymentPostprocessing = 0;
		};
/* End PBXSourcesBuildPhase section */

/* Begin PBXVariantGroup section */
		BC78599023DFE890007EBE6B /* LaunchScreen.storyboard */ = {
			isa = PBXVariantGroup;
			children = (
				BC78599123DFE890007EBE6B /* Base */,
			);
			name = LaunchScreen.storyboard;
			sourceTree = "<group>";
		};
/* End PBXVariantGroup section */

/* Begin XCBuildConfiguration section */
		BC78599423DFE890007EBE6B /* Debug */ = {
			isa = XCBuildConfiguration;
			buildSettings = {
				ALWAYS_SEARCH_USER_PATHS = NO;
				CLANG_ANALYZER_NONNULL = YES;
				CLANG_ANALYZER_NUMBER_OBJECT_CONVERSION = YES_AGGRESSIVE;
				CLANG_CXX_LANGUAGE_STANDARD = "gnu++14";
				CLANG_CXX_LIBRARY = "libc++";
				CLANG_ENABLE_MODULES = YES;
				CLANG_ENABLE_OBJC_ARC = YES;
				CLANG_ENABLE_OBJC_WEAK = YES;
				CLANG_WARN_BLOCK_CAPTURE_AUTORELEASING = YES;
				CLANG_WARN_BOOL_CONVERSION = YES;
				CLANG_WARN_COMMA = YES;
				CLANG_WARN_CONSTANT_CONVERSION = YES;
				CLANG_WARN_DEPRECATED_OBJC_IMPLEMENTATIONS = YES;
				CLANG_WARN_DIRECT_OBJC_ISA_USAGE = YES_ERROR;
				CLANG_WARN_DOCUMENTATION_COMMENTS = YES;
				CLANG_WARN_EMPTY_BODY = YES;
				CLANG_WARN_ENUM_CONVERSION = YES;
				CLANG_WARN_INFINITE_RECURSION = YES;
				CLANG_WARN_INT_CONVERSION = YES;
				CLANG_WARN_NON_LITERAL_NULL_CONVERSION = YES;
				CLANG_WARN_OBJC_IMPLICIT_RETAIN_SELF = YES;
				CLANG_WARN_OBJC_LITERAL_CONVERSION = YES;
				CLANG_WARN_OBJC_ROOT_CLASS = YES_ERROR;
				CLANG_WARN_RANGE_LOOP_ANALYSIS = YES;
				CLANG_WARN_STRICT_PROTOTYPES = YES;
				CLANG_WARN_SUSPICIOUS_MOVE = YES;
				CLANG_WARN_UNGUARDED_AVAILABILITY = YES_AGGRESSIVE;
				CLANG_WARN_UNREACHABLE_CODE = YES;
				CLANG_WARN__DUPLICATE_METHOD_MATCH = YES;
				COPY_PHASE_STRIP = NO;
				DEBUG_INFORMATION_FORMAT = dwarf;
				ENABLE_STRICT_OBJC_MSGSEND = YES;
				ENABLE_TESTABILITY = YES;
				GCC_C_LANGUAGE_STANDARD = gnu11;
				GCC_DYNAMIC_NO_PIC = NO;
				GCC_NO_COMMON_BLOCKS = YES;
				GCC_OPTIMIZATION_LEVEL = 0;
				GCC_PREPROCESSOR_DEFINITIONS = (
					"DEBUG=1",
					"$(inherited)",
				);
				GCC_WARN_64_TO_32_BIT_CONVERSION = YES;
				GCC_WARN_ABOUT_RETURN_TYPE = YES_ERROR;
				GCC_WARN_UNDECLARED_SELECTOR = YES;
				GCC_WARN_UNINITIALIZED_AUTOS = YES_AGGRESSIVE;
				GCC_WARN_UNUSED_FUNCTION = YES;
				GCC_WARN_UNUSED_VARIABLE = YES;
				IPHONEOS_DEPLOYMENT_TARGET = 13.2;
				MTL_ENABLE_DEBUG_INFO = INCLUDE_SOURCE;
				MTL_FAST_MATH = YES;
				ONLY_ACTIVE_ARCH = YES;
				SDKROOT = iphoneos;
				SWIFT_ACTIVE_COMPILATION_CONDITIONS = DEBUG;
				SWIFT_OPTIMIZATION_LEVEL = "-Onone";
			};
			name = Debug;
		};
		BC78599523DFE890007EBE6B /* Release */ = {
			isa = XCBuildConfiguration;
			buildSettings = {
				ALWAYS_SEARCH_USER_PATHS = NO;
				CLANG_ANALYZER_NONNULL = YES;
				CLANG_ANALYZER_NUMBER_OBJECT_CONVERSION = YES_AGGRESSIVE;
				CLANG_CXX_LANGUAGE_STANDARD = "gnu++14";
				CLANG_CXX_LIBRARY = "libc++";
				CLANG_ENABLE_MODULES = YES;
				CLANG_ENABLE_OBJC_ARC = YES;
				CLANG_ENABLE_OBJC_WEAK = YES;
				CLANG_WARN_BLOCK_CAPTURE_AUTORELEASING = YES;
				CLANG_WARN_BOOL_CONVERSION = YES;
				CLANG_WARN_COMMA = YES;
				CLANG_WARN_CONSTANT_CONVERSION = YES;
				CLANG_WARN_DEPRECATED_OBJC_IMPLEMENTATIONS = YES;
				CLANG_WARN_DIRECT_OBJC_ISA_USAGE = YES_ERROR;
				CLANG_WARN_DOCUMENTATION_COMMENTS = YES;
				CLANG_WARN_EMPTY_BODY = YES;
				CLANG_WARN_ENUM_CONVERSION = YES;
				CLANG_WARN_INFINITE_RECURSION = YES;
				CLANG_WARN_INT_CONVERSION = YES;
				CLANG_WARN_NON_LITERAL_NULL_CONVERSION = YES;
				CLANG_WARN_OBJC_IMPLICIT_RETAIN_SELF = YES;
				CLANG_WARN_OBJC_LITERAL_CONVERSION = YES;
				CLANG_WARN_OBJC_ROOT_CLASS = YES_ERROR;
				CLANG_WARN_RANGE_LOOP_ANALYSIS = YES;
				CLANG_WARN_STRICT_PROTOTYPES = YES;
				CLANG_WARN_SUSPICIOUS_MOVE = YES;
				CLANG_WARN_UNGUARDED_AVAILABILITY = YES_AGGRESSIVE;
				CLANG_WARN_UNREACHABLE_CODE = YES;
				CLANG_WARN__DUPLICATE_METHOD_MATCH = YES;
				COPY_PHASE_STRIP = NO;
				DEBUG_INFORMATION_FORMAT = "dwarf-with-dsym";
				ENABLE_NS_ASSERTIONS = NO;
				ENABLE_STRICT_OBJC_MSGSEND = YES;
				GCC_C_LANGUAGE_STANDARD = gnu11;
				GCC_NO_COMMON_BLOCKS = YES;
				GCC_WARN_64_TO_32_BIT_CONVERSION = YES;
				GCC_WARN_ABOUT_RETURN_TYPE = YES_ERROR;
				GCC_WARN_UNDECLARED_SELECTOR = YES;
				GCC_WARN_UNINITIALIZED_AUTOS = YES_AGGRESSIVE;
				GCC_WARN_UNUSED_FUNCTION = YES;
				GCC_WARN_UNUSED_VARIABLE = YES;
				IPHONEOS_DEPLOYMENT_TARGET = 13.2;
				MTL_ENABLE_DEBUG_INFO = NO;
				MTL_FAST_MATH = YES;
				SDKROOT = iphoneos;
				SWIFT_COMPILATION_MODE = wholemodule;
				SWIFT_OPTIMIZATION_LEVEL = "-O";
				VALIDATE_PRODUCT = YES;
			};
			name = Release;
		};
		BC78599723DFE890007EBE6B /* Debug */ = {
			isa = XCBuildConfiguration;
			buildSettings = {
				ASSETCATALOG_COMPILER_APPICON_NAME = AppIcon;
				CODE_SIGN_STYLE = Automatic;
				DEVELOPMENT_ASSET_PATHS = "\"SuanCard/Preview Content\"";
				DEVELOPMENT_TEAM = G3KBLKJ3UH;
				ENABLE_PREVIEWS = YES;
				INFOPLIST_FILE = SuanCard/Info.plist;
				LD_RUNPATH_SEARCH_PATHS = (
					"$(inherited)",
					"@executable_path/Frameworks",
				);
				PRODUCT_BUNDLE_IDENTIFIER = suan.learn.SuanCard;
				PRODUCT_NAME = "$(TARGET_NAME)";
				SWIFT_VERSION = 5.0;
				TARGETED_DEVICE_FAMILY = "1,2";
			};
			name = Debug;
		};
		BC78599823DFE890007EBE6B /* Release */ = {
			isa = XCBuildConfiguration;
			buildSettings = {
				ASSETCATALOG_COMPILER_APPICON_NAME = AppIcon;
				CODE_SIGN_STYLE = Automatic;
				DEVELOPMENT_ASSET_PATHS = "\"SuanCard/Preview Content\"";
				DEVELOPMENT_TEAM = G3KBLKJ3UH;
				ENABLE_PREVIEWS = YES;
				INFOPLIST_FILE = SuanCard/Info.plist;
				LD_RUNPATH_SEARCH_PATHS = (
					"$(inherited)",
					"@executable_path/Frameworks",
				);
				PRODUCT_BUNDLE_IDENTIFIER = suan.learn.SuanCard;
				PRODUCT_NAME = "$(TARGET_NAME)";
				SWIFT_VERSION = 5.0;
				TARGETED_DEVICE_FAMILY = "1,2";
			};
			name = Release;
		};
/* End XCBuildConfiguration section */

/* Begin XCConfigurationList section */
		BC78597D23DFE88F007EBE6B /* Build configuration list for PBXProject "SuanCard" */ = {
			isa = XCConfigurationList;
			buildConfigurations = (
				BC78599423DFE890007EBE6B /* Debug */,
				BC78599523DFE890007EBE6B /* Release */,
			);
			defaultConfigurationIsVisible = 0;
			defaultConfigurationName = Release;
		};
		BC78599623DFE890007EBE6B /* Build configuration list for PBXNativeTarget "SuanCard" */ = {
			isa = XCConfigurationList;
			buildConfigurations = (
				BC78599723DFE890007EBE6B /* Debug */,
				BC78599823DFE890007EBE6B /* Release */,
			);
			defaultConfigurationIsVisible = 0;
			defaultConfigurationName = Release;
		};
/* End XCConfigurationList section */
	};
	rootObject = BC78597A23DFE88F007EBE6B /* Project object */;
}
