// !$*UTF8*$!
{
	archiveVersion = 1;
	classes = {
	};
	objectVersion = 50;
	objects = {

/* Begin PBXBuildFile section */
		BC64453323D9AC490038DCE4 /* AppDelegate.swift in Sources */ = {isa = PBXBuildFile; fileRef = BC64453223D9AC490038DCE4 /* AppDelegate.swift */; };
		BC64453523D9AC490038DCE4 /* SceneDelegate.swift in Sources */ = {isa = PBXBuildFile; fileRef = BC64453423D9AC490038DCE4 /* SceneDelegate.swift */; };
		BC64453723D9AC490038DCE4 /* ViewController.swift in Sources */ = {isa = PBXBuildFile; fileRef = BC64453623D9AC490038DCE4 /* ViewController.swift */; };
		BC64453A23D9AC490038DCE4 /* Main.storyboard in Resources */ = {isa = PBXBuildFile; fileRef = BC64453823D9AC490038DCE4 /* Main.storyboard */; };
		BC64453C23D9AC4A0038DCE4 /* Assets.xcassets in Resources */ = {isa = PBXBuildFile; fileRef = BC64453B23D9AC4A0038DCE4 /* Assets.xcassets */; };
		BC64453F23D9AC4A0038DCE4 /* LaunchScreen.storyboard in Resources */ = {isa = PBXBuildFile; fileRef = BC64453D23D9AC4A0038DCE4 /* LaunchScreen.storyboard */; };
		BC64456723DAC2CD0038DCE4 /* README.md in Resources */ = {isa = PBXBuildFile; fileRef = BC64456623DAC2CD0038DCE4 /* README.md */; };
/* End PBXBuildFile section */

/* Begin PBXFileReference section */
		BC64452F23D9AC490038DCE4 /* i-am-rich.app */ = {isa = PBXFileReference; explicitFileType = wrapper.application; includeInIndex = 0; path = "i-am-rich.app"; sourceTree = BUILT_PRODUCTS_DIR; };
		BC64453223D9AC490038DCE4 /* AppDelegate.swift */ = {isa = PBXFileReference; lastKnownFileType = sourcecode.swift; path = AppDelegate.swift; sourceTree = "<group>"; };
		BC64453423D9AC490038DCE4 /* SceneDelegate.swift */ = {isa = PBXFileReference; lastKnownFileType = sourcecode.swift; path = SceneDelegate.swift; sourceTree = "<group>"; };
		BC64453623D9AC490038DCE4 /* ViewController.swift */ = {isa = PBXFileReference; lastKnownFileType = sourcecode.swift; path = ViewController.swift; sourceTree = "<group>"; };
		BC64453923D9AC490038DCE4 /* Base */ = {isa = PBXFileReference; lastKnownFileType = file.storyboard; name = Base; path = Base.lproj/Main.storyboard; sourceTree = "<group>"; };
		BC64453B23D9AC4A0038DCE4 /* Assets.xcassets */ = {isa = PBXFileReference; lastKnownFileType = folder.assetcatalog; path = Assets.xcassets; sourceTree = "<group>"; };
		BC64453E23D9AC4A0038DCE4 /* Base */ = {isa = PBXFileReference; lastKnownFileType = file.storyboard; name = Base; path = Base.lproj/LaunchScreen.storyboard; sourceTree = "<group>"; };
		BC64454023D9AC4A0038DCE4 /* Info.plist */ = {isa = PBXFileReference; lastKnownFileType = text.plist.xml; path = Info.plist; sourceTree = "<group>"; };
		BC64456623DAC2CD0038DCE4 /* README.md */ = {isa = PBXFileReference; fileEncoding = 4; lastKnownFileType = net.daringfireball.markdown; path = README.md; sourceTree = "<group>"; };
/* End PBXFileReference section */

/* Begin PBXFrameworksBuildPhase section */
		BC64452C23D9AC490038DCE4 /* Frameworks */ = {
			isa = PBXFrameworksBuildPhase;
			buildActionMask = 2147483647;
			files = (
			);
			runOnlyForDeploymentPostprocessing = 0;
		};
/* End PBXFrameworksBuildPhase section */

/* Begin PBXGroup section */
		BC64452623D9AC490038DCE4 = {
			isa = PBXGroup;
			children = (
				BC64456623DAC2CD0038DCE4 /* README.md */,
				BC64453123D9AC490038DCE4 /* i-am-rich */,
				BC64453023D9AC490038DCE4 /* Products */,
			);
			sourceTree = "<group>";
		};
		BC64453023D9AC490038DCE4 /* Products */ = {
			isa = PBXGroup;
			children = (
				BC64452F23D9AC490038DCE4 /* i-am-rich.app */,
			);
			name = Products;
			sourceTree = "<group>";
		};
		BC64453123D9AC490038DCE4 /* i-am-rich */ = {
			isa = PBXGroup;
			children = (
				BC64453223D9AC490038DCE4 /* AppDelegate.swift */,
				BC64453423D9AC490038DCE4 /* SceneDelegate.swift */,
				BC64453623D9AC490038DCE4 /* ViewController.swift */,
				BC64453823D9AC490038DCE4 /* Main.storyboard */,
				BC64453B23D9AC4A0038DCE4 /* Assets.xcassets */,
				BC64453D23D9AC4A0038DCE4 /* LaunchScreen.storyboard */,
				BC64454023D9AC4A0038DCE4 /* Info.plist */,
			);
			path = "i-am-rich";
			sourceTree = "<group>";
		};
/* End PBXGroup section */

/* Begin PBXNativeTarget section */
		BC64452E23D9AC490038DCE4 /* i-am-rich */ = {
			isa = PBXNativeTarget;
			buildConfigurationList = BC64454323D9AC4A0038DCE4 /* Build configuration list for PBXNativeTarget "i-am-rich" */;
			buildPhases = (
				BC64452B23D9AC490038DCE4 /* Sources */,
				BC64452C23D9AC490038DCE4 /* Frameworks */,
				BC64452D23D9AC490038DCE4 /* Resources */,
			);
			buildRules = (
			);
			dependencies = (
			);
			name = "i-am-rich";
			productName = "i-am-rich";
			productReference = BC64452F23D9AC490038DCE4 /* i-am-rich.app */;
			productType = "com.apple.product-type.application";
		};
/* End PBXNativeTarget section */

/* Begin PBXProject section */
		BC64452723D9AC490038DCE4 /* Project object */ = {
			isa = PBXProject;
			attributes = {
				LastSwiftUpdateCheck = 1130;
				LastUpgradeCheck = 1130;
				ORGANIZATIONNAME = "Nguyen Xuan";
				TargetAttributes = {
					BC64452E23D9AC490038DCE4 = {
						CreatedOnToolsVersion = 11.3.1;
					};
				};
			};
			buildConfigurationList = BC64452A23D9AC490038DCE4 /* Build configuration list for PBXProject "i-am-rich" */;
			compatibilityVersion = "Xcode 9.3";
			developmentRegion = en;
			hasScannedForEncodings = 0;
			knownRegions = (
				en,
				Base,
			);
			mainGroup = BC64452623D9AC490038DCE4;
			productRefGroup = BC64453023D9AC490038DCE4 /* Products */;
			projectDirPath = "";
			projectRoot = "";
			targets = (
				BC64452E23D9AC490038DCE4 /* i-am-rich */,
			);
		};
/* End PBXProject section */

/* Begin PBXResourcesBuildPhase section */
		BC64452D23D9AC490038DCE4 /* Resources */ = {
			isa = PBXResourcesBuildPhase;
			buildActionMask = 2147483647;
			files = (
				BC64453F23D9AC4A0038DCE4 /* LaunchScreen.storyboard in Resources */,
				BC64453C23D9AC4A0038DCE4 /* Assets.xcassets in Resources */,
				BC64456723DAC2CD0038DCE4 /* README.md in Resources */,
				BC64453A23D9AC490038DCE4 /* Main.storyboard in Resources */,
			);
			runOnlyForDeploymentPostprocessing = 0;
		};
/* End PBXResourcesBuildPhase section */

/* Begin PBXSourcesBuildPhase section */
		BC64452B23D9AC490038DCE4 /* Sources */ = {
			isa = PBXSourcesBuildPhase;
			buildActionMask = 2147483647;
			files = (
				BC64453723D9AC490038DCE4 /* ViewController.swift in Sources */,
				BC64453323D9AC490038DCE4 /* AppDelegate.swift in Sources */,
				BC64453523D9AC490038DCE4 /* SceneDelegate.swift in Sources */,
			);
			runOnlyForDeploymentPostprocessing = 0;
		};
/* End PBXSourcesBuildPhase section */

/* Begin PBXVariantGroup section */
		BC64453823D9AC490038DCE4 /* Main.storyboard */ = {
			isa = PBXVariantGroup;
			children = (
				BC64453923D9AC490038DCE4 /* Base */,
			);
			name = Main.storyboard;
			sourceTree = "<group>";
		};
		BC64453D23D9AC4A0038DCE4 /* LaunchScreen.storyboard */ = {
			isa = PBXVariantGroup;
			children = (
				BC64453E23D9AC4A0038DCE4 /* Base */,
			);
			name = LaunchScreen.storyboard;
			sourceTree = "<group>";
		};
/* End PBXVariantGroup section */

/* Begin XCBuildConfiguration section */
		BC64454123D9AC4A0038DCE4 /* Debug */ = {
			isa = XCBuildConfiguration;
			buildSettings = {
				ALWAYS_SEARCH_USER_PATHS = NO;
				CLANG_ANALYZER_NONNULL = YES;
				CLANG_ANALYZER_NUMBER_OBJECT_CONVERSION = YES_AGGRESSIVE;
				CLANG_CXX_LANGUAGE_STANDARD = "gnu++14";
				CLANG_CXX_LIBRARY = "libc++";
				CLANG_ENABLE_MODULES = YES;
				CLANG_ENABLE_OBJC_ARC = YES;
				CLANG_ENABLE_OBJC_WEAK = YES;
				CLANG_WARN_BLOCK_CAPTURE_AUTORELEASING = YES;
				CLANG_WARN_BOOL_CONVERSION = YES;
				CLANG_WARN_COMMA = YES;
				CLANG_WARN_CONSTANT_CONVERSION = YES;
				CLANG_WARN_DEPRECATED_OBJC_IMPLEMENTATIONS = YES;
				CLANG_WARN_DIRECT_OBJC_ISA_USAGE = YES_ERROR;
				CLANG_WARN_DOCUMENTATION_COMMENTS = YES;
				CLANG_WARN_EMPTY_BODY = YES;
				CLANG_WARN_ENUM_CONVERSION = YES;
				CLANG_WARN_INFINITE_RECURSION = YES;
				CLANG_WARN_INT_CONVERSION = YES;
				CLANG_WARN_NON_LITERAL_NULL_CONVERSION = YES;
				CLANG_WARN_OBJC_IMPLICIT_RETAIN_SELF = YES;
				CLANG_WARN_OBJC_LITERAL_CONVERSION = YES;
				CLANG_WARN_OBJC_ROOT_CLASS = YES_ERROR;
				CLANG_WARN_RANGE_LOOP_ANALYSIS = YES;
				CLANG_WARN_STRICT_PROTOTYPES = YES;
				CLANG_WARN_SUSPICIOUS_MOVE = YES;
				CLANG_WARN_UNGUARDED_AVAILABILITY = YES_AGGRESSIVE;
				CLANG_WARN_UNREACHABLE_CODE = YES;
				CLANG_WARN__DUPLICATE_METHOD_MATCH = YES;
				COPY_PHASE_STRIP = NO;
				DEBUG_INFORMATION_FORMAT = dwarf;
				ENABLE_STRICT_OBJC_MSGSEND = YES;
				ENABLE_TESTABILITY = YES;
				GCC_C_LANGUAGE_STANDARD = gnu11;
				GCC_DYNAMIC_NO_PIC = NO;
				GCC_NO_COMMON_BLOCKS = YES;
				GCC_OPTIMIZATION_LEVEL = 0;
				GCC_PREPROCESSOR_DEFINITIONS = (
					"DEBUG=1",
					"$(inherited)",
				);
				GCC_WARN_64_TO_32_BIT_CONVERSION = YES;
				GCC_WARN_ABOUT_RETURN_TYPE = YES_ERROR;
				GCC_WARN_UNDECLARED_SELECTOR = YES;
				GCC_WARN_UNINITIALIZED_AUTOS = YES_AGGRESSIVE;
				GCC_WARN_UNUSED_FUNCTION = YES;
				GCC_WARN_UNUSED_VARIABLE = YES;
				IPHONEOS_DEPLOYMENT_TARGET = 13.2;
				MTL_ENABLE_DEBUG_INFO = INCLUDE_SOURCE;
				MTL_FAST_MATH = YES;
				ONLY_ACTIVE_ARCH = YES;
				SDKROOT = iphoneos;
				SWIFT_ACTIVE_COMPILATION_CONDITIONS = DEBUG;
				SWIFT_OPTIMIZATION_LEVEL = "-Onone";
			};
			name = Debug;
		};
		BC64454223D9AC4A0038DCE4 /* Release */ = {
			isa = XCBuildConfiguration;
			buildSettings = {
				ALWAYS_SEARCH_USER_PATHS = NO;
				CLANG_ANALYZER_NONNULL = YES;
				CLANG_ANALYZER_NUMBER_OBJECT_CONVERSION = YES_AGGRESSIVE;
				CLANG_CXX_LANGUAGE_STANDARD = "gnu++14";
				CLANG_CXX_LIBRARY = "libc++";
				CLANG_ENABLE_MODULES = YES;
				CLANG_ENABLE_OBJC_ARC = YES;
				CLANG_ENABLE_OBJC_WEAK = YES;
				CLANG_WARN_BLOCK_CAPTURE_AUTORELEASING = YES;
				CLANG_WARN_BOOL_CONVERSION = YES;
				CLANG_WARN_COMMA = YES;
				CLANG_WARN_CONSTANT_CONVERSION = YES;
				CLANG_WARN_DEPRECATED_OBJC_IMPLEMENTATIONS = YES;
				CLANG_WARN_DIRECT_OBJC_ISA_USAGE = YES_ERROR;
				CLANG_WARN_DOCUMENTATION_COMMENTS = YES;
				CLANG_WARN_EMPTY_BODY = YES;
				CLANG_WARN_ENUM_CONVERSION = YES;
				CLANG_WARN_INFINITE_RECURSION = YES;
				CLANG_WARN_INT_CONVERSION = YES;
				CLANG_WARN_NON_LITERAL_NULL_CONVERSION = YES;
				CLANG_WARN_OBJC_IMPLICIT_RETAIN_SELF = YES;
				CLANG_WARN_OBJC_LITERAL_CONVERSION = YES;
				CLANG_WARN_OBJC_ROOT_CLASS = YES_ERROR;
				CLANG_WARN_RANGE_LOOP_ANALYSIS = YES;
				CLANG_WARN_STRICT_PROTOTYPES = YES;
				CLANG_WARN_SUSPICIOUS_MOVE = YES;
				CLANG_WARN_UNGUARDED_AVAILABILITY = YES_AGGRESSIVE;
				CLANG_WARN_UNREACHABLE_CODE = YES;
				CLANG_WARN__DUPLICATE_METHOD_MATCH = YES;
				COPY_PHASE_STRIP = NO;
				DEBUG_INFORMATION_FORMAT = "dwarf-with-dsym";
				ENABLE_NS_ASSERTIONS = NO;
				ENABLE_STRICT_OBJC_MSGSEND = YES;
				GCC_C_LANGUAGE_STANDARD = gnu11;
				GCC_NO_COMMON_BLOCKS = YES;
				GCC_WARN_64_TO_32_BIT_CONVERSION = YES;
				GCC_WARN_ABOUT_RETURN_TYPE = YES_ERROR;
				GCC_WARN_UNDECLARED_SELECTOR = YES;
				GCC_WARN_UNINITIALIZED_AUTOS = YES_AGGRESSIVE;
				GCC_WARN_UNUSED_FUNCTION = YES;
				GCC_WARN_UNUSED_VARIABLE = YES;
				IPHONEOS_DEPLOYMENT_TARGET = 13.2;
				MTL_ENABLE_DEBUG_INFO = NO;
				MTL_FAST_MATH = YES;
				SDKROOT = iphoneos;
				SWIFT_COMPILATION_MODE = wholemodule;
				SWIFT_OPTIMIZATION_LEVEL = "-O";
				VALIDATE_PRODUCT = YES;
			};
			name = Release;
		};
		BC64454423D9AC4A0038DCE4 /* Debug */ = {
			isa = XCBuildConfiguration;
			buildSettings = {
				ASSETCATALOG_COMPILER_APPICON_NAME = AppIcon;
				CODE_SIGN_STYLE = Automatic;
				DEVELOPMENT_TEAM = G3KBLKJ3UH;
				INFOPLIST_FILE = "i-am-rich/Info.plist";
				IPHONEOS_DEPLOYMENT_TARGET = 13.2;
				LD_RUNPATH_SEARCH_PATHS = (
					"$(inherited)",
					"@executable_path/Frameworks",
				);
				PRODUCT_BUNDLE_IDENTIFIER = suan.learn.iamrich;
				PRODUCT_NAME = "$(TARGET_NAME)";
				SWIFT_VERSION = 5.0;
				TARGETED_DEVICE_FAMILY = "1,2";
			};
			name = Debug;
		};
		BC64454523D9AC4A0038DCE4 /* Release */ = {
			isa = XCBuildConfiguration;
			buildSettings = {
				ASSETCATALOG_COMPILER_APPICON_NAME = AppIcon;
				CODE_SIGN_STYLE = Automatic;
				DEVELOPMENT_TEAM = G3KBLKJ3UH;
				INFOPLIST_FILE = "i-am-rich/Info.plist";
				IPHONEOS_DEPLOYMENT_TARGET = 13.2;
				LD_RUNPATH_SEARCH_PATHS = (
					"$(inherited)",
					"@executable_path/Frameworks",
				);
				PRODUCT_BUNDLE_IDENTIFIER = suan.learn.iamrich;
				PRODUCT_NAME = "$(TARGET_NAME)";
				SWIFT_VERSION = 5.0;
				TARGETED_DEVICE_FAMILY = "1,2";
			};
			name = Release;
		};
/* End XCBuildConfiguration section */

/* Begin XCConfigurationList section */
		BC64452A23D9AC490038DCE4 /* Build configuration list for PBXProject "i-am-rich" */ = {
			isa = XCConfigurationList;
			buildConfigurations = (
				BC64454123D9AC4A0038DCE4 /* Debug */,
				BC64454223D9AC4A0038DCE4 /* Release */,
			);
			defaultConfigurationIsVisible = 0;
			defaultConfigurationName = Release;
		};
		BC64454323D9AC4A0038DCE4 /* Build configuration list for PBXNativeTarget "i-am-rich" */ = {
			isa = XCConfigurationList;
			buildConfigurations = (
				BC64454423D9AC4A0038DCE4 /* Debug */,
				BC64454523D9AC4A0038DCE4 /* Release */,
			);
			defaultConfigurationIsVisible = 0;
			defaultConfigurationName = Release;
		};
/* End XCConfigurationList section */
	};
	rootObject = BC64452723D9AC490038DCE4 /* Project object */;
}
