// !$*UTF8*$!
{
	archiveVersion = 1;
	classes = {
	};
	objectVersion = 50;
	objects = {

/* Begin PBXBuildFile section */
		BCB768B123DD5F2800E091F9 /* AppDelegate.swift in Sources */ = {isa = PBXBuildFile; fileRef = BCB768B023DD5F2800E091F9 /* AppDelegate.swift */; };
		BCB768B323DD5F2800E091F9 /* SceneDelegate.swift in Sources */ = {isa = PBXBuildFile; fileRef = BCB768B223DD5F2800E091F9 /* SceneDelegate.swift */; };
		BCB768B523DD5F2800E091F9 /* WeatherViewController.swift in Sources */ = {isa = PBXBuildFile; fileRef = BCB768B423DD5F2800E091F9 /* WeatherViewController.swift */; };
		BCB768B823DD5F2800E091F9 /* Main.storyboard in Resources */ = {isa = PBXBuildFile; fileRef = BCB768B623DD5F2800E091F9 /* Main.storyboard */; };
		BCB768BA23DD5F2900E091F9 /* Assets.xcassets in Resources */ = {isa = PBXBuildFile; fileRef = BCB768B923DD5F2900E091F9 /* Assets.xcassets */; };
		BCB768BD23DD5F2900E091F9 /* LaunchScreen.storyboard in Resources */ = {isa = PBXBuildFile; fileRef = BCB768BB23DD5F2900E091F9 /* LaunchScreen.storyboard */; };
		BCB768CC23DD7D2100E091F9 /* WeatherManager.swift in Sources */ = {isa = PBXBuildFile; fileRef = BCB768CB23DD7D2100E091F9 /* WeatherManager.swift */; };
		BCB768CE23DD88DA00E091F9 /* WeatherData.swift in Sources */ = {isa = PBXBuildFile; fileRef = BCB768CD23DD88DA00E091F9 /* WeatherData.swift */; };
		BCB768D023DD8E0F00E091F9 /* WeatherModel.swift in Sources */ = {isa = PBXBuildFile; fileRef = BCB768CF23DD8E0F00E091F9 /* WeatherModel.swift */; };
/* End PBXBuildFile section */

/* Begin PBXFileReference section */
		BCB768AD23DD5F2800E091F9 /* clima.app */ = {isa = PBXFileReference; explicitFileType = wrapper.application; includeInIndex = 0; path = clima.app; sourceTree = BUILT_PRODUCTS_DIR; };
		BCB768B023DD5F2800E091F9 /* AppDelegate.swift */ = {isa = PBXFileReference; lastKnownFileType = sourcecode.swift; path = AppDelegate.swift; sourceTree = "<group>"; };
		BCB768B223DD5F2800E091F9 /* SceneDelegate.swift */ = {isa = PBXFileReference; lastKnownFileType = sourcecode.swift; path = SceneDelegate.swift; sourceTree = "<group>"; };
		BCB768B423DD5F2800E091F9 /* WeatherViewController.swift */ = {isa = PBXFileReference; lastKnownFileType = sourcecode.swift; path = WeatherViewController.swift; sourceTree = "<group>"; };
		BCB768B723DD5F2800E091F9 /* Base */ = {isa = PBXFileReference; lastKnownFileType = file.storyboard; name = Base; path = Base.lproj/Main.storyboard; sourceTree = "<group>"; };
		BCB768B923DD5F2900E091F9 /* Assets.xcassets */ = {isa = PBXFileReference; lastKnownFileType = folder.assetcatalog; path = Assets.xcassets; sourceTree = "<group>"; };
		BCB768BC23DD5F2900E091F9 /* Base */ = {isa = PBXFileReference; lastKnownFileType = file.storyboard; name = Base; path = Base.lproj/LaunchScreen.storyboard; sourceTree = "<group>"; };
		BCB768BE23DD5F2900E091F9 /* Info.plist */ = {isa = PBXFileReference; lastKnownFileType = text.plist.xml; path = Info.plist; sourceTree = "<group>"; };
		BCB768CB23DD7D2100E091F9 /* WeatherManager.swift */ = {isa = PBXFileReference; lastKnownFileType = sourcecode.swift; path = WeatherManager.swift; sourceTree = "<group>"; };
		BCB768CD23DD88DA00E091F9 /* WeatherData.swift */ = {isa = PBXFileReference; lastKnownFileType = sourcecode.swift; path = WeatherData.swift; sourceTree = "<group>"; };
		BCB768CF23DD8E0F00E091F9 /* WeatherModel.swift */ = {isa = PBXFileReference; lastKnownFileType = sourcecode.swift; path = WeatherModel.swift; sourceTree = "<group>"; };
/* End PBXFileReference section */

/* Begin PBXFrameworksBuildPhase section */
		BCB768AA23DD5F2800E091F9 /* Frameworks */ = {
			isa = PBXFrameworksBuildPhase;
			buildActionMask = 2147483647;
			files = (
			);
			runOnlyForDeploymentPostprocessing = 0;
		};
/* End PBXFrameworksBuildPhase section */

/* Begin PBXGroup section */
		BCB768A423DD5F2800E091F9 = {
			isa = PBXGroup;
			children = (
				BCB768AF23DD5F2800E091F9 /* clima */,
				BCB768AE23DD5F2800E091F9 /* Products */,
			);
			sourceTree = "<group>";
		};
		BCB768AE23DD5F2800E091F9 /* Products */ = {
			isa = PBXGroup;
			children = (
				BCB768AD23DD5F2800E091F9 /* clima.app */,
			);
			name = Products;
			sourceTree = "<group>";
		};
		BCB768AF23DD5F2800E091F9 /* clima */ = {
			isa = PBXGroup;
			children = (
				BCB768C423DD5FB600E091F9 /* Model */,
				BCB768B023DD5F2800E091F9 /* AppDelegate.swift */,
				BCB768B223DD5F2800E091F9 /* SceneDelegate.swift */,
				BCB768C623DD5FD000E091F9 /* Controller */,
				BCB768C523DD5FCA00E091F9 /* View */,
				BCB768B923DD5F2900E091F9 /* Assets.xcassets */,
				BCB768BB23DD5F2900E091F9 /* LaunchScreen.storyboard */,
				BCB768BE23DD5F2900E091F9 /* Info.plist */,
			);
			path = clima;
			sourceTree = "<group>";
		};
		BCB768C423DD5FB600E091F9 /* Model */ = {
			isa = PBXGroup;
			children = (
				BCB768CB23DD7D2100E091F9 /* WeatherManager.swift */,
				BCB768CD23DD88DA00E091F9 /* WeatherData.swift */,
				BCB768CF23DD8E0F00E091F9 /* WeatherModel.swift */,
			);
			path = Model;
			sourceTree = "<group>";
		};
		BCB768C523DD5FCA00E091F9 /* View */ = {
			isa = PBXGroup;
			children = (
				BCB768B623DD5F2800E091F9 /* Main.storyboard */,
			);
			path = View;
			sourceTree = "<group>";
		};
		BCB768C623DD5FD000E091F9 /* Controller */ = {
			isa = PBXGroup;
			children = (
				BCB768B423DD5F2800E091F9 /* WeatherViewController.swift */,
			);
			path = Controller;
			sourceTree = "<group>";
		};
/* End PBXGroup section */

/* Begin PBXNativeTarget section */
		BCB768AC23DD5F2800E091F9 /* clima */ = {
			isa = PBXNativeTarget;
			buildConfigurationList = BCB768C123DD5F2900E091F9 /* Build configuration list for PBXNativeTarget "clima" */;
			buildPhases = (
				BCB768A923DD5F2800E091F9 /* Sources */,
				BCB768AA23DD5F2800E091F9 /* Frameworks */,
				BCB768AB23DD5F2800E091F9 /* Resources */,
			);
			buildRules = (
			);
			dependencies = (
			);
			name = clima;
			productName = clima;
			productReference = BCB768AD23DD5F2800E091F9 /* clima.app */;
			productType = "com.apple.product-type.application";
		};
/* End PBXNativeTarget section */

/* Begin PBXProject section */
		BCB768A523DD5F2800E091F9 /* Project object */ = {
			isa = PBXProject;
			attributes = {
				LastSwiftUpdateCheck = 1130;
				LastUpgradeCheck = 1130;
				ORGANIZATIONNAME = "Nguyen Xuan";
				TargetAttributes = {
					BCB768AC23DD5F2800E091F9 = {
						CreatedOnToolsVersion = 11.3.1;
					};
				};
			};
			buildConfigurationList = BCB768A823DD5F2800E091F9 /* Build configuration list for PBXProject "clima" */;
			compatibilityVersion = "Xcode 9.3";
			developmentRegion = en;
			hasScannedForEncodings = 0;
			knownRegions = (
				en,
				Base,
			);
			mainGroup = BCB768A423DD5F2800E091F9;
			productRefGroup = BCB768AE23DD5F2800E091F9 /* Products */;
			projectDirPath = "";
			projectRoot = "";
			targets = (
				BCB768AC23DD5F2800E091F9 /* clima */,
			);
		};
/* End PBXProject section */

/* Begin PBXResourcesBuildPhase section */
		BCB768AB23DD5F2800E091F9 /* Resources */ = {
			isa = PBXResourcesBuildPhase;
			buildActionMask = 2147483647;
			files = (
				BCB768BD23DD5F2900E091F9 /* LaunchScreen.storyboard in Resources */,
				BCB768BA23DD5F2900E091F9 /* Assets.xcassets in Resources */,
				BCB768B823DD5F2800E091F9 /* Main.storyboard in Resources */,
			);
			runOnlyForDeploymentPostprocessing = 0;
		};
/* End PBXResourcesBuildPhase section */

/* Begin PBXSourcesBuildPhase section */
		BCB768A923DD5F2800E091F9 /* Sources */ = {
			isa = PBXSourcesBuildPhase;
			buildActionMask = 2147483647;
			files = (
				BCB768B523DD5F2800E091F9 /* WeatherViewController.swift in Sources */,
				BCB768CE23DD88DA00E091F9 /* WeatherData.swift in Sources */,
				BCB768B123DD5F2800E091F9 /* AppDelegate.swift in Sources */,
				BCB768CC23DD7D2100E091F9 /* WeatherManager.swift in Sources */,
				BCB768D023DD8E0F00E091F9 /* WeatherModel.swift in Sources */,
				BCB768B323DD5F2800E091F9 /* SceneDelegate.swift in Sources */,
			);
			runOnlyForDeploymentPostprocessing = 0;
		};
/* End PBXSourcesBuildPhase section */

/* Begin PBXVariantGroup section */
		BCB768B623DD5F2800E091F9 /* Main.storyboard */ = {
			isa = PBXVariantGroup;
			children = (
				BCB768B723DD5F2800E091F9 /* Base */,
			);
			name = Main.storyboard;
			sourceTree = "<group>";
		};
		BCB768BB23DD5F2900E091F9 /* LaunchScreen.storyboard */ = {
			isa = PBXVariantGroup;
			children = (
				BCB768BC23DD5F2900E091F9 /* Base */,
			);
			name = LaunchScreen.storyboard;
			sourceTree = "<group>";
		};
/* End PBXVariantGroup section */

/* Begin XCBuildConfiguration section */
		BCB768BF23DD5F2900E091F9 /* Debug */ = {
			isa = XCBuildConfiguration;
			buildSettings = {
				ALWAYS_SEARCH_USER_PATHS = NO;
				CLANG_ANALYZER_NONNULL = YES;
				CLANG_ANALYZER_NUMBER_OBJECT_CONVERSION = YES_AGGRESSIVE;
				CLANG_CXX_LANGUAGE_STANDARD = "gnu++14";
				CLANG_CXX_LIBRARY = "libc++";
				CLANG_ENABLE_MODULES = YES;
				CLANG_ENABLE_OBJC_ARC = YES;
				CLANG_ENABLE_OBJC_WEAK = YES;
				CLANG_WARN_BLOCK_CAPTURE_AUTORELEASING = YES;
				CLANG_WARN_BOOL_CONVERSION = YES;
				CLANG_WARN_COMMA = YES;
				CLANG_WARN_CONSTANT_CONVERSION = YES;
				CLANG_WARN_DEPRECATED_OBJC_IMPLEMENTATIONS = YES;
				CLANG_WARN_DIRECT_OBJC_ISA_USAGE = YES_ERROR;
				CLANG_WARN_DOCUMENTATION_COMMENTS = YES;
				CLANG_WARN_EMPTY_BODY = YES;
				CLANG_WARN_ENUM_CONVERSION = YES;
				CLANG_WARN_INFINITE_RECURSION = YES;
				CLANG_WARN_INT_CONVERSION = YES;
				CLANG_WARN_NON_LITERAL_NULL_CONVERSION = YES;
				CLANG_WARN_OBJC_IMPLICIT_RETAIN_SELF = YES;
				CLANG_WARN_OBJC_LITERAL_CONVERSION = YES;
				CLANG_WARN_OBJC_ROOT_CLASS = YES_ERROR;
				CLANG_WARN_RANGE_LOOP_ANALYSIS = YES;
				CLANG_WARN_STRICT_PROTOTYPES = YES;
				CLANG_WARN_SUSPICIOUS_MOVE = YES;
				CLANG_WARN_UNGUARDED_AVAILABILITY = YES_AGGRESSIVE;
				CLANG_WARN_UNREACHABLE_CODE = YES;
				CLANG_WARN__DUPLICATE_METHOD_MATCH = YES;
				COPY_PHASE_STRIP = NO;
				DEBUG_INFORMATION_FORMAT = dwarf;
				ENABLE_STRICT_OBJC_MSGSEND = YES;
				ENABLE_TESTABILITY = YES;
				GCC_C_LANGUAGE_STANDARD = gnu11;
				GCC_DYNAMIC_NO_PIC = NO;
				GCC_NO_COMMON_BLOCKS = YES;
				GCC_OPTIMIZATION_LEVEL = 0;
				GCC_PREPROCESSOR_DEFINITIONS = (
					"DEBUG=1",
					"$(inherited)",
				);
				GCC_WARN_64_TO_32_BIT_CONVERSION = YES;
				GCC_WARN_ABOUT_RETURN_TYPE = YES_ERROR;
				GCC_WARN_UNDECLARED_SELECTOR = YES;
				GCC_WARN_UNINITIALIZED_AUTOS = YES_AGGRESSIVE;
				GCC_WARN_UNUSED_FUNCTION = YES;
				GCC_WARN_UNUSED_VARIABLE = YES;
				IPHONEOS_DEPLOYMENT_TARGET = 13.2;
				MTL_ENABLE_DEBUG_INFO = INCLUDE_SOURCE;
				MTL_FAST_MATH = YES;
				ONLY_ACTIVE_ARCH = YES;
				SDKROOT = iphoneos;
				SWIFT_ACTIVE_COMPILATION_CONDITIONS = DEBUG;
				SWIFT_OPTIMIZATION_LEVEL = "-Onone";
			};
			name = Debug;
		};
		BCB768C023DD5F2900E091F9 /* Release */ = {
			isa = XCBuildConfiguration;
			buildSettings = {
				ALWAYS_SEARCH_USER_PATHS = NO;
				CLANG_ANALYZER_NONNULL = YES;
				CLANG_ANALYZER_NUMBER_OBJECT_CONVERSION = YES_AGGRESSIVE;
				CLANG_CXX_LANGUAGE_STANDARD = "gnu++14";
				CLANG_CXX_LIBRARY = "libc++";
				CLANG_ENABLE_MODULES = YES;
				CLANG_ENABLE_OBJC_ARC = YES;
				CLANG_ENABLE_OBJC_WEAK = YES;
				CLANG_WARN_BLOCK_CAPTURE_AUTORELEASING = YES;
				CLANG_WARN_BOOL_CONVERSION = YES;
				CLANG_WARN_COMMA = YES;
				CLANG_WARN_CONSTANT_CONVERSION = YES;
				CLANG_WARN_DEPRECATED_OBJC_IMPLEMENTATIONS = YES;
				CLANG_WARN_DIRECT_OBJC_ISA_USAGE = YES_ERROR;
				CLANG_WARN_DOCUMENTATION_COMMENTS = YES;
				CLANG_WARN_EMPTY_BODY = YES;
				CLANG_WARN_ENUM_CONVERSION = YES;
				CLANG_WARN_INFINITE_RECURSION = YES;
				CLANG_WARN_INT_CONVERSION = YES;
				CLANG_WARN_NON_LITERAL_NULL_CONVERSION = YES;
				CLANG_WARN_OBJC_IMPLICIT_RETAIN_SELF = YES;
				CLANG_WARN_OBJC_LITERAL_CONVERSION = YES;
				CLANG_WARN_OBJC_ROOT_CLASS = YES_ERROR;
				CLANG_WARN_RANGE_LOOP_ANALYSIS = YES;
				CLANG_WARN_STRICT_PROTOTYPES = YES;
				CLANG_WARN_SUSPICIOUS_MOVE = YES;
				CLANG_WARN_UNGUARDED_AVAILABILITY = YES_AGGRESSIVE;
				CLANG_WARN_UNREACHABLE_CODE = YES;
				CLANG_WARN__DUPLICATE_METHOD_MATCH = YES;
				COPY_PHASE_STRIP = NO;
				DEBUG_INFORMATION_FORMAT = "dwarf-with-dsym";
				ENABLE_NS_ASSERTIONS = NO;
				ENABLE_STRICT_OBJC_MSGSEND = YES;
				GCC_C_LANGUAGE_STANDARD = gnu11;
				GCC_NO_COMMON_BLOCKS = YES;
				GCC_WARN_64_TO_32_BIT_CONVERSION = YES;
				GCC_WARN_ABOUT_RETURN_TYPE = YES_ERROR;
				GCC_WARN_UNDECLARED_SELECTOR = YES;
				GCC_WARN_UNINITIALIZED_AUTOS = YES_AGGRESSIVE;
				GCC_WARN_UNUSED_FUNCTION = YES;
				GCC_WARN_UNUSED_VARIABLE = YES;
				IPHONEOS_DEPLOYMENT_TARGET = 13.2;
				MTL_ENABLE_DEBUG_INFO = NO;
				MTL_FAST_MATH = YES;
				SDKROOT = iphoneos;
				SWIFT_COMPILATION_MODE = wholemodule;
				SWIFT_OPTIMIZATION_LEVEL = "-O";
				VALIDATE_PRODUCT = YES;
			};
			name = Release;
		};
		BCB768C223DD5F2900E091F9 /* Debug */ = {
			isa = XCBuildConfiguration;
			buildSettings = {
				ASSETCATALOG_COMPILER_APPICON_NAME = AppIcon;
				CODE_SIGN_STYLE = Automatic;
				DEVELOPMENT_TEAM = G3KBLKJ3UH;
				INFOPLIST_FILE = clima/Info.plist;
				LD_RUNPATH_SEARCH_PATHS = (
					"$(inherited)",
					"@executable_path/Frameworks",
				);
				PRODUCT_BUNDLE_IDENTIFIER = suan.learn.clima;
				PRODUCT_NAME = "$(TARGET_NAME)";
				SWIFT_VERSION = 5.0;
				TARGETED_DEVICE_FAMILY = "1,2";
			};
			name = Debug;
		};
		BCB768C323DD5F2900E091F9 /* Release */ = {
			isa = XCBuildConfiguration;
			buildSettings = {
				ASSETCATALOG_COMPILER_APPICON_NAME = AppIcon;
				CODE_SIGN_STYLE = Automatic;
				DEVELOPMENT_TEAM = G3KBLKJ3UH;
				INFOPLIST_FILE = clima/Info.plist;
				LD_RUNPATH_SEARCH_PATHS = (
					"$(inherited)",
					"@executable_path/Frameworks",
				);
				PRODUCT_BUNDLE_IDENTIFIER = suan.learn.clima;
				PRODUCT_NAME = "$(TARGET_NAME)";
				SWIFT_VERSION = 5.0;
				TARGETED_DEVICE_FAMILY = "1,2";
			};
			name = Release;
		};
/* End XCBuildConfiguration section */

/* Begin XCConfigurationList section */
		BCB768A823DD5F2800E091F9 /* Build configuration list for PBXProject "clima" */ = {
			isa = XCConfigurationList;
			buildConfigurations = (
				BCB768BF23DD5F2900E091F9 /* Debug */,
				BCB768C023DD5F2900E091F9 /* Release */,
			);
			defaultConfigurationIsVisible = 0;
			defaultConfigurationName = Release;
		};
		BCB768C123DD5F2900E091F9 /* Build configuration list for PBXNativeTarget "clima" */ = {
			isa = XCConfigurationList;
			buildConfigurations = (
				BCB768C223DD5F2900E091F9 /* Debug */,
				BCB768C323DD5F2900E091F9 /* Release */,
			);
			defaultConfigurationIsVisible = 0;
			defaultConfigurationName = Release;
		};
/* End XCConfigurationList section */
	};
	rootObject = BCB768A523DD5F2800E091F9 /* Project object */;
}
